// !$*UTF8*$!
{
	archiveVersion = 1;
	classes = {
	};
	objectVersion = 50;
	objects = {

/* Begin PBXBuildFile section */
		5F0F518226B70C620085EA26 /* ChartView.swift in Sources */ = {isa = PBXBuildFile; fileRef = 5F0F518126B70C620085EA26 /* ChartView.swift */; };
		5F0F518526B70E4F0085EA26 /* SpendCategoryContainer.swift in Sources */ = {isa = PBXBuildFile; fileRef = 5F0F518426B70E4F0085EA26 /* SpendCategoryContainer.swift */; };
		5F0F518726B70E9C0085EA26 /* TransactionsContainer.swift in Sources */ = {isa = PBXBuildFile; fileRef = 5F0F518626B70E9C0085EA26 /* TransactionsContainer.swift */; };
		5F10439926BD1B5F004690C0 /* InfoView.swift in Sources */ = {isa = PBXBuildFile; fileRef = 5F10439826BD1B5F004690C0 /* InfoView.swift */; };
		5F10439B26BD220B004690C0 /* CircleView.swift in Sources */ = {isa = PBXBuildFile; fileRef = 5F10439A26BD220B004690C0 /* CircleView.swift */; };
		5F17229526B5CCD600A2E22B /* TransactionCell.swift in Sources */ = {isa = PBXBuildFile; fileRef = 5F17229426B5CCD600A2E22B /* TransactionCell.swift */; };
		5F174F8726B402470072A5D6 /* PieChartView.swift in Sources */ = {isa = PBXBuildFile; fileRef = 5F174F8626B402470072A5D6 /* PieChartView.swift */; };
		5F1916E726AB5A140011E410 /* .gitignore in Resources */ = {isa = PBXBuildFile; fileRef = 5F1916E626AB5A140011E410 /* .gitignore */; };
		5F1916F126ABE44D0011E410 /* CoreDataService.swift in Sources */ = {isa = PBXBuildFile; fileRef = 5F1916F026ABE44D0011E410 /* CoreDataService.swift */; };
		5F1916F426ABED990011E410 /* EntityKind.swift in Sources */ = {isa = PBXBuildFile; fileRef = 5F1916F326ABED990011E410 /* EntityKind.swift */; };
		5F63963D26B723F600878BC1 /* ChartContainer.swift in Sources */ = {isa = PBXBuildFile; fileRef = 5F63963C26B723F600878BC1 /* ChartContainer.swift */; };
		5F63963F26B7240800878BC1 /* PieceOfPie.swift in Sources */ = {isa = PBXBuildFile; fileRef = 5F63963E26B7240800878BC1 /* PieceOfPie.swift */; };
		5F682C5B26AFD4B300B5FCF4 /* SpendCategories.plist in Resources */ = {isa = PBXBuildFile; fileRef = 5F682C5A26AFD4B300B5FCF4 /* SpendCategories.plist */; };
		5F90E87A26BEFAB0003FC17F /* TotalAmountView.swift in Sources */ = {isa = PBXBuildFile; fileRef = 5F90E87926BEFAB0003FC17F /* TotalAmountView.swift */; };
		5F90E87D26BF003F003FC17F /* CategoryList.swift in Sources */ = {isa = PBXBuildFile; fileRef = 5F90E87C26BF003F003FC17F /* CategoryList.swift */; };
		5F90E87F26BF0051003FC17F /* CategoryRow.swift in Sources */ = {isa = PBXBuildFile; fileRef = 5F90E87E26BF0051003FC17F /* CategoryRow.swift */; };
		5F90FCBE26AB13E300387EBF /* AppDelegate.swift in Sources */ = {isa = PBXBuildFile; fileRef = 5F90FCBD26AB13E300387EBF /* AppDelegate.swift */; };
		5F90FCC026AB13E400387EBF /* SceneDelegate.swift in Sources */ = {isa = PBXBuildFile; fileRef = 5F90FCBF26AB13E300387EBF /* SceneDelegate.swift */; };
		5F90FCC226AB13E400387EBF /* EnterAmountViewController.swift in Sources */ = {isa = PBXBuildFile; fileRef = 5F90FCC126AB13E400387EBF /* EnterAmountViewController.swift */; };
		5F90FCC826AB13E400387EBF /* ProExpenser.xcdatamodeld in Sources */ = {isa = PBXBuildFile; fileRef = 5F90FCC626AB13E400387EBF /* ProExpenser.xcdatamodeld */; };
		5F90FCCA26AB13E600387EBF /* Assets.xcassets in Resources */ = {isa = PBXBuildFile; fileRef = 5F90FCC926AB13E600387EBF /* Assets.xcassets */; };
		5F90FCCD26AB13E600387EBF /* LaunchScreen.storyboard in Resources */ = {isa = PBXBuildFile; fileRef = 5F90FCCB26AB13E600387EBF /* LaunchScreen.storyboard */; };
		5F9CBC1F26AD2B740092A1F7 /* EnterConfigurator.swift in Sources */ = {isa = PBXBuildFile; fileRef = 5F9CBC1E26AD2B740092A1F7 /* EnterConfigurator.swift */; };
		5F9CBC2126AD2B870092A1F7 /* EnterPresenter.swift in Sources */ = {isa = PBXBuildFile; fileRef = 5F9CBC2026AD2B870092A1F7 /* EnterPresenter.swift */; };
		5F9CBC2326AD2BA10092A1F7 /* EnterInteractor.swift in Sources */ = {isa = PBXBuildFile; fileRef = 5F9CBC2226AD2BA10092A1F7 /* EnterInteractor.swift */; };
		5F9CBC2526AD2BE00092A1F7 /* EnterRouter.swift in Sources */ = {isa = PBXBuildFile; fileRef = 5F9CBC2426AD2BE00092A1F7 /* EnterRouter.swift */; };
		5FBF75CF26BCEB680083F5FD /* Int+extensions.swift in Sources */ = {isa = PBXBuildFile; fileRef = 5FBF75CE26BCEB680083F5FD /* Int+extensions.swift */; };
		5FF7751D26AC16FC007E4880 /* SpendCategoryCollectionViewCell.swift in Sources */ = {isa = PBXBuildFile; fileRef = 5FF7751C26AC16FC007E4880 /* SpendCategoryCollectionViewCell.swift */; };
		5FF7751F26AC1773007E4880 /* CollectionViewCellIdentifier.swift in Sources */ = {isa = PBXBuildFile; fileRef = 5FF7751E26AC1773007E4880 /* CollectionViewCellIdentifier.swift */; };
/* End PBXBuildFile section */

/* Begin PBXFileReference section */
		5F0F518126B70C620085EA26 /* ChartView.swift */ = {isa = PBXFileReference; lastKnownFileType = sourcecode.swift; path = ChartView.swift; sourceTree = "<group>"; };
		5F0F518426B70E4F0085EA26 /* SpendCategoryContainer.swift */ = {isa = PBXFileReference; lastKnownFileType = sourcecode.swift; path = SpendCategoryContainer.swift; sourceTree = "<group>"; };
		5F0F518626B70E9C0085EA26 /* TransactionsContainer.swift */ = {isa = PBXFileReference; lastKnownFileType = sourcecode.swift; path = TransactionsContainer.swift; sourceTree = "<group>"; };
		5F10439826BD1B5F004690C0 /* InfoView.swift */ = {isa = PBXFileReference; lastKnownFileType = sourcecode.swift; path = InfoView.swift; sourceTree = "<group>"; };
		5F10439A26BD220B004690C0 /* CircleView.swift */ = {isa = PBXFileReference; lastKnownFileType = sourcecode.swift; path = CircleView.swift; sourceTree = "<group>"; };
		5F17229426B5CCD600A2E22B /* TransactionCell.swift */ = {isa = PBXFileReference; lastKnownFileType = sourcecode.swift; path = TransactionCell.swift; sourceTree = "<group>"; };
		5F174F8626B402470072A5D6 /* PieChartView.swift */ = {isa = PBXFileReference; lastKnownFileType = sourcecode.swift; path = PieChartView.swift; sourceTree = "<group>"; };
		5F1916E626AB5A140011E410 /* .gitignore */ = {isa = PBXFileReference; lastKnownFileType = text; path = .gitignore; sourceTree = "<group>"; };
		5F1916F026ABE44D0011E410 /* CoreDataService.swift */ = {isa = PBXFileReference; lastKnownFileType = sourcecode.swift; path = CoreDataService.swift; sourceTree = "<group>"; };
		5F1916F326ABED990011E410 /* EntityKind.swift */ = {isa = PBXFileReference; lastKnownFileType = sourcecode.swift; path = EntityKind.swift; sourceTree = "<group>"; };
		5F63963C26B723F600878BC1 /* ChartContainer.swift */ = {isa = PBXFileReference; lastKnownFileType = sourcecode.swift; path = ChartContainer.swift; sourceTree = "<group>"; };
		5F63963E26B7240800878BC1 /* PieceOfPie.swift */ = {isa = PBXFileReference; lastKnownFileType = sourcecode.swift; path = PieceOfPie.swift; sourceTree = "<group>"; };
		5F682C5A26AFD4B300B5FCF4 /* SpendCategories.plist */ = {isa = PBXFileReference; fileEncoding = 4; lastKnownFileType = text.plist.xml; path = SpendCategories.plist; sourceTree = "<group>"; };
		5F90E87926BEFAB0003FC17F /* TotalAmountView.swift */ = {isa = PBXFileReference; lastKnownFileType = sourcecode.swift; path = TotalAmountView.swift; sourceTree = "<group>"; };
		5F90E87C26BF003F003FC17F /* CategoryList.swift */ = {isa = PBXFileReference; lastKnownFileType = sourcecode.swift; path = CategoryList.swift; sourceTree = "<group>"; };
		5F90E87E26BF0051003FC17F /* CategoryRow.swift */ = {isa = PBXFileReference; lastKnownFileType = sourcecode.swift; path = CategoryRow.swift; sourceTree = "<group>"; };
		5F90FCBA26AB13E300387EBF /* ProExpenser.app */ = {isa = PBXFileReference; explicitFileType = wrapper.application; includeInIndex = 0; path = ProExpenser.app; sourceTree = BUILT_PRODUCTS_DIR; };
		5F90FCBD26AB13E300387EBF /* AppDelegate.swift */ = {isa = PBXFileReference; lastKnownFileType = sourcecode.swift; path = AppDelegate.swift; sourceTree = "<group>"; };
		5F90FCBF26AB13E300387EBF /* SceneDelegate.swift */ = {isa = PBXFileReference; lastKnownFileType = sourcecode.swift; path = SceneDelegate.swift; sourceTree = "<group>"; };
		5F90FCC126AB13E400387EBF /* EnterAmountViewController.swift */ = {isa = PBXFileReference; lastKnownFileType = sourcecode.swift; path = EnterAmountViewController.swift; sourceTree = "<group>"; };
		5F90FCC726AB13E400387EBF /* ProExpenser.xcdatamodel */ = {isa = PBXFileReference; lastKnownFileType = wrapper.xcdatamodel; path = ProExpenser.xcdatamodel; sourceTree = "<group>"; };
		5F90FCC926AB13E600387EBF /* Assets.xcassets */ = {isa = PBXFileReference; lastKnownFileType = folder.assetcatalog; path = Assets.xcassets; sourceTree = "<group>"; };
		5F90FCCC26AB13E600387EBF /* Base */ = {isa = PBXFileReference; lastKnownFileType = file.storyboard; name = Base; path = Base.lproj/LaunchScreen.storyboard; sourceTree = "<group>"; };
		5F90FCCE26AB13E600387EBF /* Info.plist */ = {isa = PBXFileReference; lastKnownFileType = text.plist.xml; path = Info.plist; sourceTree = "<group>"; };
		5F9CBC1E26AD2B740092A1F7 /* EnterConfigurator.swift */ = {isa = PBXFileReference; lastKnownFileType = sourcecode.swift; path = EnterConfigurator.swift; sourceTree = "<group>"; };
		5F9CBC2026AD2B870092A1F7 /* EnterPresenter.swift */ = {isa = PBXFileReference; lastKnownFileType = sourcecode.swift; path = EnterPresenter.swift; sourceTree = "<group>"; };
		5F9CBC2226AD2BA10092A1F7 /* EnterInteractor.swift */ = {isa = PBXFileReference; lastKnownFileType = sourcecode.swift; path = EnterInteractor.swift; sourceTree = "<group>"; };
		5F9CBC2426AD2BE00092A1F7 /* EnterRouter.swift */ = {isa = PBXFileReference; lastKnownFileType = sourcecode.swift; path = EnterRouter.swift; sourceTree = "<group>"; };
		5FBF75CE26BCEB680083F5FD /* Int+extensions.swift */ = {isa = PBXFileReference; lastKnownFileType = sourcecode.swift; path = "Int+extensions.swift"; sourceTree = "<group>"; };
		5FF7751C26AC16FC007E4880 /* SpendCategoryCollectionViewCell.swift */ = {isa = PBXFileReference; lastKnownFileType = sourcecode.swift; path = SpendCategoryCollectionViewCell.swift; sourceTree = "<group>"; };
		5FF7751E26AC1773007E4880 /* CollectionViewCellIdentifier.swift */ = {isa = PBXFileReference; lastKnownFileType = sourcecode.swift; path = CollectionViewCellIdentifier.swift; sourceTree = "<group>"; };
/* End PBXFileReference section */

/* Begin PBXFrameworksBuildPhase section */
		5F90FCB726AB13E300387EBF /* Frameworks */ = {
			isa = PBXFrameworksBuildPhase;
			buildActionMask = 2147483647;
			files = (
			);
			runOnlyForDeploymentPostprocessing = 0;
		};
/* End PBXFrameworksBuildPhase section */

/* Begin PBXGroup section */
		5F0F518326B70E310085EA26 /* Models */ = {
			isa = PBXGroup;
			children = (
				5F0F518426B70E4F0085EA26 /* SpendCategoryContainer.swift */,
				5F0F518626B70E9C0085EA26 /* TransactionsContainer.swift */,
				5F63963C26B723F600878BC1 /* ChartContainer.swift */,
				5F63963E26B7240800878BC1 /* PieceOfPie.swift */,
			);
			path = Models;
			sourceTree = "<group>";
		};
		5F10439726BD1B4A004690C0 /* VIews */ = {
			isa = PBXGroup;
			children = (
				5F174F8626B402470072A5D6 /* PieChartView.swift */,
				5F0F518126B70C620085EA26 /* ChartView.swift */,
				5F10439826BD1B5F004690C0 /* InfoView.swift */,
				5F10439A26BD220B004690C0 /* CircleView.swift */,
				5F90E87926BEFAB0003FC17F /* TotalAmountView.swift */,
				5F90E88026BF0055003FC17F /* CategoryList */,
			);
			path = VIews;
			sourceTree = "<group>";
		};
		5F1916E826ABE2630011E410 /* SupportingFiles */ = {
			isa = PBXGroup;
			children = (
				5F90FCCB26AB13E600387EBF /* LaunchScreen.storyboard */,
				5F90FCBD26AB13E300387EBF /* AppDelegate.swift */,
				5F90FCBF26AB13E300387EBF /* SceneDelegate.swift */,
				5F1916F326ABED990011E410 /* EntityKind.swift */,
				5F90FCC926AB13E600387EBF /* Assets.xcassets */,
				5FF7751E26AC1773007E4880 /* CollectionViewCellIdentifier.swift */,
			);
			path = SupportingFiles;
			sourceTree = "<group>";
		};
		5F1916EB26ABE2990011E410 /* EnterViews */ = {
			isa = PBXGroup;
			children = (
				5F90FCC126AB13E400387EBF /* EnterAmountViewController.swift */,
				5FD2865026AC36B4002B5E9C /* Cells */,
			);
			path = EnterViews;
			sourceTree = "<group>";
		};
		5F1916EC26ABE2B30011E410 /* Enter Amount */ = {
			isa = PBXGroup;
			children = (
				5F9CBC1E26AD2B740092A1F7 /* EnterConfigurator.swift */,
				5F9CBC2026AD2B870092A1F7 /* EnterPresenter.swift */,
				5F9CBC2226AD2BA10092A1F7 /* EnterInteractor.swift */,
				5F9CBC2426AD2BE00092A1F7 /* EnterRouter.swift */,
				5F1916EB26ABE2990011E410 /* EnterViews */,
			);
			path = "Enter Amount";
			sourceTree = "<group>";
		};
		5F1916EE26ABE3370011E410 /* Chart */ = {
			isa = PBXGroup;
			children = (
				5F10439726BD1B4A004690C0 /* VIews */,
				5F0F518326B70E310085EA26 /* Models */,
			);
			path = Chart;
			sourceTree = "<group>";
		};
		5F1916EF26ABE43F0011E410 /* Services  */ = {
			isa = PBXGroup;
			children = (
				5F682C5A26AFD4B300B5FCF4 /* SpendCategories.plist */,
				5F90FCC626AB13E400387EBF /* ProExpenser.xcdatamodeld */,
				5F1916F026ABE44D0011E410 /* CoreDataService.swift */,
			);
			path = "Services ";
			sourceTree = "<group>";
		};
		5F90E88026BF0055003FC17F /* CategoryList */ = {
			isa = PBXGroup;
			children = (
				5F90E87C26BF003F003FC17F /* CategoryList.swift */,
				5F90E87E26BF0051003FC17F /* CategoryRow.swift */,
			);
			path = CategoryList;
			sourceTree = "<group>";
		};
		5F90FCB126AB13E300387EBF = {
			isa = PBXGroup;
			children = (
				5F1916E626AB5A140011E410 /* .gitignore */,
				5F90FCBC26AB13E300387EBF /* ProExpenser */,
				5F90FCBB26AB13E300387EBF /* Products */,
			);
			sourceTree = "<group>";
		};
		5F90FCBB26AB13E300387EBF /* Products */ = {
			isa = PBXGroup;
			children = (
				5F90FCBA26AB13E300387EBF /* ProExpenser.app */,
			);
			name = Products;
			sourceTree = "<group>";
		};
		5F90FCBC26AB13E300387EBF /* ProExpenser */ = {
			isa = PBXGroup;
			children = (
				5F90FCCE26AB13E600387EBF /* Info.plist */,
				5FBF75CD26BCEB550083F5FD /* Extensions */,
				5F1916EF26ABE43F0011E410 /* Services  */,
				5F1916E826ABE2630011E410 /* SupportingFiles */,
				5F1916EC26ABE2B30011E410 /* Enter Amount */,
				5F1916EE26ABE3370011E410 /* Chart */,
			);
			path = ProExpenser;
			sourceTree = "<group>";
		};
		5FBF75CD26BCEB550083F5FD /* Extensions */ = {
			isa = PBXGroup;
			children = (
				5FBF75CE26BCEB680083F5FD /* Int+extensions.swift */,
			);
			path = Extensions;
			sourceTree = "<group>";
		};
		5FD2865026AC36B4002B5E9C /* Cells */ = {
			isa = PBXGroup;
			children = (
				5FF7751C26AC16FC007E4880 /* SpendCategoryCollectionViewCell.swift */,
				5F17229426B5CCD600A2E22B /* TransactionCell.swift */,
			);
			path = Cells;
			sourceTree = "<group>";
		};
/* End PBXGroup section */

/* Begin PBXNativeTarget section */
		5F90FCB926AB13E300387EBF /* ProExpenser */ = {
			isa = PBXNativeTarget;
			buildConfigurationList = 5F90FCD126AB13E600387EBF /* Build configuration list for PBXNativeTarget "ProExpenser" */;
			buildPhases = (
				5F90FCB626AB13E300387EBF /* Sources */,
				5F90FCB726AB13E300387EBF /* Frameworks */,
				5F90FCB826AB13E300387EBF /* Resources */,
			);
			buildRules = (
			);
			dependencies = (
			);
			name = ProExpenser;
			productName = ProExpenser;
			productReference = 5F90FCBA26AB13E300387EBF /* ProExpenser.app */;
			productType = "com.apple.product-type.application";
		};
/* End PBXNativeTarget section */

/* Begin PBXProject section */
		5F90FCB226AB13E300387EBF /* Project object */ = {
			isa = PBXProject;
			attributes = {
				LastSwiftUpdateCheck = 1250;
				LastUpgradeCheck = 1250;
				TargetAttributes = {
					5F90FCB926AB13E300387EBF = {
						CreatedOnToolsVersion = 12.5.1;
					};
				};
			};
			buildConfigurationList = 5F90FCB526AB13E300387EBF /* Build configuration list for PBXProject "ProExpenser" */;
			compatibilityVersion = "Xcode 9.3";
			developmentRegion = en;
			hasScannedForEncodings = 0;
			knownRegions = (
				en,
				Base,
			);
			mainGroup = 5F90FCB126AB13E300387EBF;
			productRefGroup = 5F90FCBB26AB13E300387EBF /* Products */;
			projectDirPath = "";
			projectRoot = "";
			targets = (
				5F90FCB926AB13E300387EBF /* ProExpenser */,
			);
		};
/* End PBXProject section */

/* Begin PBXResourcesBuildPhase section */
		5F90FCB826AB13E300387EBF /* Resources */ = {
			isa = PBXResourcesBuildPhase;
			buildActionMask = 2147483647;
			files = (
				5F1916E726AB5A140011E410 /* .gitignore in Resources */,
				5F90FCCD26AB13E600387EBF /* LaunchScreen.storyboard in Resources */,
				5F682C5B26AFD4B300B5FCF4 /* SpendCategories.plist in Resources */,
				5F90FCCA26AB13E600387EBF /* Assets.xcassets in Resources */,
			);
			runOnlyForDeploymentPostprocessing = 0;
		};
/* End PBXResourcesBuildPhase section */

/* Begin PBXSourcesBuildPhase section */
		5F90FCB626AB13E300387EBF /* Sources */ = {
			isa = PBXSourcesBuildPhase;
			buildActionMask = 2147483647;
			files = (
				5F17229526B5CCD600A2E22B /* TransactionCell.swift in Sources */,
				5FF7751D26AC16FC007E4880 /* SpendCategoryCollectionViewCell.swift in Sources */,
				5F63963F26B7240800878BC1 /* PieceOfPie.swift in Sources */,
				5F63963D26B723F600878BC1 /* ChartContainer.swift in Sources */,
				5F0F518526B70E4F0085EA26 /* SpendCategoryContainer.swift in Sources */,
				5F9CBC2526AD2BE00092A1F7 /* EnterRouter.swift in Sources */,
				5F10439B26BD220B004690C0 /* CircleView.swift in Sources */,
				5F174F8726B402470072A5D6 /* PieChartView.swift in Sources */,
				5F0F518726B70E9C0085EA26 /* TransactionsContainer.swift in Sources */,
				5F9CBC2326AD2BA10092A1F7 /* EnterInteractor.swift in Sources */,
				5F90FCC226AB13E400387EBF /* EnterAmountViewController.swift in Sources */,
				5F90FCBE26AB13E300387EBF /* AppDelegate.swift in Sources */,
				5F90E87F26BF0051003FC17F /* CategoryRow.swift in Sources */,
				5F1916F126ABE44D0011E410 /* CoreDataService.swift in Sources */,
				5F90FCC026AB13E400387EBF /* SceneDelegate.swift in Sources */,
				5F10439926BD1B5F004690C0 /* InfoView.swift in Sources */,
				5F9CBC1F26AD2B740092A1F7 /* EnterConfigurator.swift in Sources */,
				5F90FCC826AB13E400387EBF /* ProExpenser.xcdatamodeld in Sources */,
				5F9CBC2126AD2B870092A1F7 /* EnterPresenter.swift in Sources */,
				5F0F518226B70C620085EA26 /* ChartView.swift in Sources */,
				5F90E87A26BEFAB0003FC17F /* TotalAmountView.swift in Sources */,
				5FBF75CF26BCEB680083F5FD /* Int+extensions.swift in Sources */,
				5FF7751F26AC1773007E4880 /* CollectionViewCellIdentifier.swift in Sources */,
				5F1916F426ABED990011E410 /* EntityKind.swift in Sources */,
				5F90E87D26BF003F003FC17F /* CategoryList.swift in Sources */,
			);
			runOnlyForDeploymentPostprocessing = 0;
		};
/* End PBXSourcesBuildPhase section */

/* Begin PBXVariantGroup section */
		5F90FCCB26AB13E600387EBF /* LaunchScreen.storyboard */ = {
			isa = PBXVariantGroup;
			children = (
				5F90FCCC26AB13E600387EBF /* Base */,
			);
			name = LaunchScreen.storyboard;
			sourceTree = "<group>";
		};
/* End PBXVariantGroup section */

/* Begin XCBuildConfiguration section */
		5F90FCCF26AB13E600387EBF /* Debug */ = {
			isa = XCBuildConfiguration;
			buildSettings = {
				ALWAYS_SEARCH_USER_PATHS = NO;
				CLANG_ANALYZER_NONNULL = YES;
				CLANG_ANALYZER_NUMBER_OBJECT_CONVERSION = YES_AGGRESSIVE;
				CLANG_CXX_LANGUAGE_STANDARD = "gnu++14";
				CLANG_CXX_LIBRARY = "libc++";
				CLANG_ENABLE_MODULES = YES;
				CLANG_ENABLE_OBJC_ARC = YES;
				CLANG_ENABLE_OBJC_WEAK = YES;
				CLANG_WARN_BLOCK_CAPTURE_AUTORELEASING = YES;
				CLANG_WARN_BOOL_CONVERSION = YES;
				CLANG_WARN_COMMA = YES;
				CLANG_WARN_CONSTANT_CONVERSION = YES;
				CLANG_WARN_DEPRECATED_OBJC_IMPLEMENTATIONS = YES;
				CLANG_WARN_DIRECT_OBJC_ISA_USAGE = YES_ERROR;
				CLANG_WARN_DOCUMENTATION_COMMENTS = YES;
				CLANG_WARN_EMPTY_BODY = YES;
				CLANG_WARN_ENUM_CONVERSION = YES;
				CLANG_WARN_INFINITE_RECURSION = YES;
				CLANG_WARN_INT_CONVERSION = YES;
				CLANG_WARN_NON_LITERAL_NULL_CONVERSION = YES;
				CLANG_WARN_OBJC_IMPLICIT_RETAIN_SELF = YES;
				CLANG_WARN_OBJC_LITERAL_CONVERSION = YES;
				CLANG_WARN_OBJC_ROOT_CLASS = YES_ERROR;
				CLANG_WARN_QUOTED_INCLUDE_IN_FRAMEWORK_HEADER = YES;
				CLANG_WARN_RANGE_LOOP_ANALYSIS = YES;
				CLANG_WARN_STRICT_PROTOTYPES = YES;
				CLANG_WARN_SUSPICIOUS_MOVE = YES;
				CLANG_WARN_UNGUARDED_AVAILABILITY = YES_AGGRESSIVE;
				CLANG_WARN_UNREACHABLE_CODE = YES;
				CLANG_WARN__DUPLICATE_METHOD_MATCH = YES;
				COPY_PHASE_STRIP = NO;
				DEBUG_INFORMATION_FORMAT = dwarf;
				ENABLE_STRICT_OBJC_MSGSEND = YES;
				ENABLE_TESTABILITY = YES;
				GCC_C_LANGUAGE_STANDARD = gnu11;
				GCC_DYNAMIC_NO_PIC = NO;
				GCC_NO_COMMON_BLOCKS = YES;
				GCC_OPTIMIZATION_LEVEL = 0;
				GCC_PREPROCESSOR_DEFINITIONS = (
					"DEBUG=1",
					"$(inherited)",
				);
				GCC_WARN_64_TO_32_BIT_CONVERSION = YES;
				GCC_WARN_ABOUT_RETURN_TYPE = YES_ERROR;
				GCC_WARN_UNDECLARED_SELECTOR = YES;
				GCC_WARN_UNINITIALIZED_AUTOS = YES_AGGRESSIVE;
				GCC_WARN_UNUSED_FUNCTION = YES;
				GCC_WARN_UNUSED_VARIABLE = YES;
				IPHONEOS_DEPLOYMENT_TARGET = 14.5;
				MTL_ENABLE_DEBUG_INFO = INCLUDE_SOURCE;
				MTL_FAST_MATH = YES;
				ONLY_ACTIVE_ARCH = YES;
				SDKROOT = iphoneos;
				SWIFT_ACTIVE_COMPILATION_CONDITIONS = DEBUG;
				SWIFT_OPTIMIZATION_LEVEL = "-Onone";
			};
			name = Debug;
		};
		5F90FCD026AB13E600387EBF /* Release */ = {
			isa = XCBuildConfiguration;
			buildSettings = {
				ALWAYS_SEARCH_USER_PATHS = NO;
				CLANG_ANALYZER_NONNULL = YES;
				CLANG_ANALYZER_NUMBER_OBJECT_CONVERSION = YES_AGGRESSIVE;
				CLANG_CXX_LANGUAGE_STANDARD = "gnu++14";
				CLANG_CXX_LIBRARY = "libc++";
				CLANG_ENABLE_MODULES = YES;
				CLANG_ENABLE_OBJC_ARC = YES;
				CLANG_ENABLE_OBJC_WEAK = YES;
				CLANG_WARN_BLOCK_CAPTURE_AUTORELEASING = YES;
				CLANG_WARN_BOOL_CONVERSION = YES;
				CLANG_WARN_COMMA = YES;
				CLANG_WARN_CONSTANT_CONVERSION = YES;
				CLANG_WARN_DEPRECATED_OBJC_IMPLEMENTATIONS = YES;
				CLANG_WARN_DIRECT_OBJC_ISA_USAGE = YES_ERROR;
				CLANG_WARN_DOCUMENTATION_COMMENTS = YES;
				CLANG_WARN_EMPTY_BODY = YES;
				CLANG_WARN_ENUM_CONVERSION = YES;
				CLANG_WARN_INFINITE_RECURSION = YES;
				CLANG_WARN_INT_CONVERSION = YES;
				CLANG_WARN_NON_LITERAL_NULL_CONVERSION = YES;
				CLANG_WARN_OBJC_IMPLICIT_RETAIN_SELF = YES;
				CLANG_WARN_OBJC_LITERAL_CONVERSION = YES;
				CLANG_WARN_OBJC_ROOT_CLASS = YES_ERROR;
				CLANG_WARN_QUOTED_INCLUDE_IN_FRAMEWORK_HEADER = YES;
				CLANG_WARN_RANGE_LOOP_ANALYSIS = YES;
				CLANG_WARN_STRICT_PROTOTYPES = YES;
				CLANG_WARN_SUSPICIOUS_MOVE = YES;
				CLANG_WARN_UNGUARDED_AVAILABILITY = YES_AGGRESSIVE;
				CLANG_WARN_UNREACHABLE_CODE = YES;
				CLANG_WARN__DUPLICATE_METHOD_MATCH = YES;
				COPY_PHASE_STRIP = NO;
				DEBUG_INFORMATION_FORMAT = "dwarf-with-dsym";
				ENABLE_NS_ASSERTIONS = NO;
				ENABLE_STRICT_OBJC_MSGSEND = YES;
				GCC_C_LANGUAGE_STANDARD = gnu11;
				GCC_NO_COMMON_BLOCKS = YES;
				GCC_WARN_64_TO_32_BIT_CONVERSION = YES;
				GCC_WARN_ABOUT_RETURN_TYPE = YES_ERROR;
				GCC_WARN_UNDECLARED_SELECTOR = YES;
				GCC_WARN_UNINITIALIZED_AUTOS = YES_AGGRESSIVE;
				GCC_WARN_UNUSED_FUNCTION = YES;
				GCC_WARN_UNUSED_VARIABLE = YES;
				IPHONEOS_DEPLOYMENT_TARGET = 14.5;
				MTL_ENABLE_DEBUG_INFO = NO;
				MTL_FAST_MATH = YES;
				SDKROOT = iphoneos;
				SWIFT_COMPILATION_MODE = wholemodule;
				SWIFT_OPTIMIZATION_LEVEL = "-O";
				VALIDATE_PRODUCT = YES;
			};
			name = Release;
		};
		5F90FCD226AB13E600387EBF /* Debug */ = {
			isa = XCBuildConfiguration;
			buildSettings = {
				ASSETCATALOG_COMPILER_APPICON_NAME = AppIcon;
				ASSETCATALOG_COMPILER_GLOBAL_ACCENT_COLOR_NAME = AccentColor;
				CODE_SIGN_STYLE = Automatic;
				DEVELOPMENT_TEAM = 8WDL89Q895;
				INFOPLIST_FILE = ProExpenser/Info.plist;
				LD_RUNPATH_SEARCH_PATHS = (
					"$(inherited)",
					"@executable_path/Frameworks",
				);
				PRODUCT_BUNDLE_IDENTIFIER = Cyberia.ProExpenser;
				PRODUCT_NAME = "$(TARGET_NAME)";
				SWIFT_VERSION = 5.0;
				TARGETED_DEVICE_FAMILY = "1,2";
			};
			name = Debug;
		};
		5F90FCD326AB13E600387EBF /* Release */ = {
			isa = XCBuildConfiguration;
			buildSettings = {
				ASSETCATALOG_COMPILER_APPICON_NAME = AppIcon;
				ASSETCATALOG_COMPILER_GLOBAL_ACCENT_COLOR_NAME = AccentColor;
				CODE_SIGN_STYLE = Automatic;
				DEVELOPMENT_TEAM = 8WDL89Q895;
				INFOPLIST_FILE = ProExpenser/Info.plist;
				LD_RUNPATH_SEARCH_PATHS = (
					"$(inherited)",
					"@executable_path/Frameworks",
				);
				PRODUCT_BUNDLE_IDENTIFIER = Cyberia.ProExpenser;
				PRODUCT_NAME = "$(TARGET_NAME)";
				SWIFT_VERSION = 5.0;
				TARGETED_DEVICE_FAMILY = "1,2";
			};
			name = Release;
		};
/* End XCBuildConfiguration section */

/* Begin XCConfigurationList section */
		5F90FCB526AB13E300387EBF /* Build configuration list for PBXProject "ProExpenser" */ = {
			isa = XCConfigurationList;
			buildConfigurations = (
				5F90FCCF26AB13E600387EBF /* Debug */,
				5F90FCD026AB13E600387EBF /* Release */,
			);
			defaultConfigurationIsVisible = 0;
			defaultConfigurationName = Release;
		};
		5F90FCD126AB13E600387EBF /* Build configuration list for PBXNativeTarget "ProExpenser" */ = {
			isa = XCConfigurationList;
			buildConfigurations = (
				5F90FCD226AB13E600387EBF /* Debug */,
				5F90FCD326AB13E600387EBF /* Release */,
			);
			defaultConfigurationIsVisible = 0;
			defaultConfigurationName = Release;
		};
/* End XCConfigurationList section */

/* Begin XCVersionGroup section */
		5F90FCC626AB13E400387EBF /* ProExpenser.xcdatamodeld */ = {
			isa = XCVersionGroup;
			children = (
				5F90FCC726AB13E400387EBF /* ProExpenser.xcdatamodel */,
			);
			currentVersion = 5F90FCC726AB13E400387EBF /* ProExpenser.xcdatamodel */;
			path = ProExpenser.xcdatamodeld;
			sourceTree = "<group>";
			versionGroupType = wrapper.xcdatamodel;
		};
/* End XCVersionGroup section */
	};
	rootObject = 5F90FCB226AB13E300387EBF /* Project object */;
}
